
Microsoft Visual Studio Solution File, Format Version 12.00
# Visual Studio Version 17
VisualStudioVersion = 17.11.35327.3
MinimumVisualStudioVersion = 10.0.40219.1
Project("{FAE04EC0-301F-11D3-BF4B-00C04F79EFBC}") = "TelegramReminderBot", "TelegramReminderBot\TelegramReminderBot.csproj", "{4B862154-12FF-4A76-968A-D6B228485F54}"
EndProject
Project("{2150E333-8FDC-42A3-9474-1A3956D46DE8}") = "Solution Items", "Solution Items", "{13BBBE1D-3195-40A8-ADD2-A0150F3A69C2}"
	ProjectSection(SolutionItems) = preProject
		Railway.toml = Railway.toml
	EndProjectSection
EndProject
Global
	GlobalSection(SolutionConfigurationPlatforms) = preSolution
		Debug|Any CPU = Debug|Any CPU
		Release|Any CPU = Release|Any CPU
	EndGlobalSection
	GlobalSection(ProjectConfigurationPlatforms) = postSolution
		{4B862154-12FF-4A76-968A-D6B228485F54}.Debug|Any CPU.ActiveCfg = Debug|Any CPU
		{4B862154-12FF-4A76-968A-D6B228485F54}.Debug|Any CPU.Build.0 = Debug|Any CPU
		{4B862154-12FF-4A76-968A-D6B228485F54}.Release|Any CPU.ActiveCfg = Release|Any CPU
		{4B862154-12FF-4A76-968A-D6B228485F54}.Release|Any CPU.Build.0 = Release|Any CPU
	EndGlobalSection
	GlobalSection(SolutionProperties) = preSolution
		HideSolutionNode = FALSE
	EndGlobalSection
	GlobalSection(ExtensibilityGlobals) = postSolution
		SolutionGuid = {F1E34E74-AA83-40EE-9099-7A9A91E8DC07}
	EndGlobalSection
EndGlobal
